
Microsoft Visual Studio Solution File, Format Version 12.00
# Visual Studio Version 16
VisualStudioVersion = 16.0.29025.244
MinimumVisualStudioVersion = 10.0.40219.1
Project("{FAE04EC0-301F-11D3-BF4B-00C04F79EFBC}") = "EngineerImport", "EngineerImport.csproj", "{D120A179-F6FB-4339-8EE5-7A703327DAF9}"
EndProject
Global
	GlobalSection(SolutionConfigurationPlatforms) = preSolution
		Debug|Any CPU = Debug|Any CPU
		Release|Any CPU = Release|Any CPU
	EndGlobalSection
	GlobalSection(ProjectConfigurationPlatforms) = postSolution
		{D120A179-F6FB-4339-8EE5-7A703327DAF9}.Debug|Any CPU.ActiveCfg = Debug|Any CPU
		{D120A179-F6FB-4339-8EE5-7A703327DAF9}.Debug|Any CPU.Build.0 = Debug|Any CPU
		{D120A179-F6FB-4339-8EE5-7A703327DAF9}.Release|Any CPU.ActiveCfg = Release|Any CPU
		{D120A179-F6FB-4339-8EE5-7A703327DAF9}.Release|Any CPU.Build.0 = Release|Any CPU
	EndGlobalSection
	GlobalSection(SolutionProperties) = preSolution
		HideSolutionNode = FALSE
	EndGlobalSection
	GlobalSection(ExtensibilityGlobals) = postSolution
		SolutionGuid = {999DAA30-0EC0-4768-84DF-BB860D14FFE2}
	EndGlobalSection
EndGlobal
